
Microsoft Visual Studio Solution File, Format Version 12.00
# Visual Studio 15
VisualStudioVersion = 15.0.28307.421
MinimumVisualStudioVersion = 10.0.40219.1
Project("{FAE04EC0-301F-11D3-BF4B-00C04F79EFBC}") = "FiniteElementMethod", "FiniteElementMethod\FiniteElementMethod.csproj", "{5267686B-EEF1-48D1-A761-DB55D88D54C9}"
EndProject
Project("{FAE04EC0-301F-11D3-BF4B-00C04F79EFBC}") = "UnitTests", "UnitTests\UnitTests.csproj", "{52A3771C-E553-4FB8-A02D-538AFFC65C2A}"
EndProject
Project("{FAE04EC0-301F-11D3-BF4B-00C04F79EFBC}") = "ConsoleTest", "ConsoleTest\ConsoleTest.csproj", "{C9686ED6-9FE6-4632-A07F-FE36A541A689}"
EndProject
Global
	GlobalSection(SolutionConfigurationPlatforms) = preSolution
		Debug|Any CPU = Debug|Any CPU
		Release|Any CPU = Release|Any CPU
	EndGlobalSection
	GlobalSection(ProjectConfigurationPlatforms) = postSolution
		{5267686B-EEF1-48D1-A761-DB55D88D54C9}.Debug|Any CPU.ActiveCfg = Debug|Any CPU
		{5267686B-EEF1-48D1-A761-DB55D88D54C9}.Debug|Any CPU.Build.0 = Debug|Any CPU
		{5267686B-EEF1-48D1-A761-DB55D88D54C9}.Release|Any CPU.ActiveCfg = Release|Any CPU
		{5267686B-EEF1-48D1-A761-DB55D88D54C9}.Release|Any CPU.Build.0 = Release|Any CPU
		{52A3771C-E553-4FB8-A02D-538AFFC65C2A}.Debug|Any CPU.ActiveCfg = Debug|Any CPU
		{52A3771C-E553-4FB8-A02D-538AFFC65C2A}.Debug|Any CPU.Build.0 = Debug|Any CPU
		{52A3771C-E553-4FB8-A02D-538AFFC65C2A}.Release|Any CPU.ActiveCfg = Release|Any CPU
		{52A3771C-E553-4FB8-A02D-538AFFC65C2A}.Release|Any CPU.Build.0 = Release|Any CPU
		{C9686ED6-9FE6-4632-A07F-FE36A541A689}.Debug|Any CPU.ActiveCfg = Debug|Any CPU
		{C9686ED6-9FE6-4632-A07F-FE36A541A689}.Debug|Any CPU.Build.0 = Debug|Any CPU
		{C9686ED6-9FE6-4632-A07F-FE36A541A689}.Release|Any CPU.ActiveCfg = Release|Any CPU
		{C9686ED6-9FE6-4632-A07F-FE36A541A689}.Release|Any CPU.Build.0 = Release|Any CPU
	EndGlobalSection
	GlobalSection(SolutionProperties) = preSolution
		HideSolutionNode = FALSE
	EndGlobalSection
	GlobalSection(ExtensibilityGlobals) = postSolution
		SolutionGuid = {BF91F3F7-B482-4B62-81A6-57693A0A3488}
	EndGlobalSection
EndGlobal
