
Microsoft Visual Studio Solution File, Format Version 12.00
# Visual Studio 15
VisualStudioVersion = 15.0.28307.902
MinimumVisualStudioVersion = 10.0.40219.1
Project("{FAE04EC0-301F-11D3-BF4B-00C04F79EFBC}") = "ApiResponse", "ApiResponse\ApiResponse.csproj", "{72AE09B6-A0C6-4181-B573-7D7AF7F133E0}"
EndProject
Global
	GlobalSection(SolutionConfigurationPlatforms) = preSolution
		Debug|Any CPU = Debug|Any CPU
		Release|Any CPU = Release|Any CPU
	EndGlobalSection
	GlobalSection(ProjectConfigurationPlatforms) = postSolution
		{72AE09B6-A0C6-4181-B573-7D7AF7F133E0}.Debug|Any CPU.ActiveCfg = Debug|Any CPU
		{72AE09B6-A0C6-4181-B573-7D7AF7F133E0}.Debug|Any CPU.Build.0 = Debug|Any CPU
		{72AE09B6-A0C6-4181-B573-7D7AF7F133E0}.Release|Any CPU.ActiveCfg = Release|Any CPU
		{72AE09B6-A0C6-4181-B573-7D7AF7F133E0}.Release|Any CPU.Build.0 = Release|Any CPU
	EndGlobalSection
	GlobalSection(SolutionProperties) = preSolution
		HideSolutionNode = FALSE
	EndGlobalSection
	GlobalSection(ExtensibilityGlobals) = postSolution
		SolutionGuid = {4C550890-C362-489D-8197-522207B7AC5B}
	EndGlobalSection
EndGlobal
