
Microsoft Visual Studio Solution File, Format Version 12.00
# Visual Studio 14
VisualStudioVersion = 14.0.25420.1
MinimumVisualStudioVersion = 10.0.40219.1
Project("{FAE04EC0-301F-11D3-BF4B-00C04F79EFBC}") = "Task2", "Task2\Task2.csproj", "{99C13CA0-3D00-4935-B579-5E4DC79A6773}"
EndProject
Project("{FAE04EC0-301F-11D3-BF4B-00C04F79EFBC}") = "Shapes", "Shapes\Shapes.csproj", "{3FAB9EA1-3AC0-4DB1-B8EC-E0105CB63286}"
EndProject
Project("{FAE04EC0-301F-11D3-BF4B-00C04F79EFBC}") = "DataControl", "DataControl\DataControl.csproj", "{5A72BF63-23E3-48C7-83D0-5AD1F3584187}"
EndProject
Project("{FAE04EC0-301F-11D3-BF4B-00C04F79EFBC}") = "Test", "Test\Test.csproj", "{3B8E4DF1-0F8D-4E8A-A423-C67DF2FFD6DD}"
EndProject
Global
	GlobalSection(SolutionConfigurationPlatforms) = preSolution
		Debug|Any CPU = Debug|Any CPU
		Release|Any CPU = Release|Any CPU
	EndGlobalSection
	GlobalSection(ProjectConfigurationPlatforms) = postSolution
		{99C13CA0-3D00-4935-B579-5E4DC79A6773}.Debug|Any CPU.ActiveCfg = Debug|Any CPU
		{99C13CA0-3D00-4935-B579-5E4DC79A6773}.Debug|Any CPU.Build.0 = Debug|Any CPU
		{99C13CA0-3D00-4935-B579-5E4DC79A6773}.Release|Any CPU.ActiveCfg = Release|Any CPU
		{99C13CA0-3D00-4935-B579-5E4DC79A6773}.Release|Any CPU.Build.0 = Release|Any CPU
		{3FAB9EA1-3AC0-4DB1-B8EC-E0105CB63286}.Debug|Any CPU.ActiveCfg = Debug|Any CPU
		{3FAB9EA1-3AC0-4DB1-B8EC-E0105CB63286}.Debug|Any CPU.Build.0 = Debug|Any CPU
		{3FAB9EA1-3AC0-4DB1-B8EC-E0105CB63286}.Release|Any CPU.ActiveCfg = Release|Any CPU
		{3FAB9EA1-3AC0-4DB1-B8EC-E0105CB63286}.Release|Any CPU.Build.0 = Release|Any CPU
		{5A72BF63-23E3-48C7-83D0-5AD1F3584187}.Debug|Any CPU.ActiveCfg = Debug|Any CPU
		{5A72BF63-23E3-48C7-83D0-5AD1F3584187}.Debug|Any CPU.Build.0 = Debug|Any CPU
		{5A72BF63-23E3-48C7-83D0-5AD1F3584187}.Release|Any CPU.ActiveCfg = Release|Any CPU
		{5A72BF63-23E3-48C7-83D0-5AD1F3584187}.Release|Any CPU.Build.0 = Release|Any CPU
		{3B8E4DF1-0F8D-4E8A-A423-C67DF2FFD6DD}.Debug|Any CPU.ActiveCfg = Debug|Any CPU
		{3B8E4DF1-0F8D-4E8A-A423-C67DF2FFD6DD}.Debug|Any CPU.Build.0 = Debug|Any CPU
		{3B8E4DF1-0F8D-4E8A-A423-C67DF2FFD6DD}.Release|Any CPU.ActiveCfg = Release|Any CPU
		{3B8E4DF1-0F8D-4E8A-A423-C67DF2FFD6DD}.Release|Any CPU.Build.0 = Release|Any CPU
	EndGlobalSection
	GlobalSection(SolutionProperties) = preSolution
		HideSolutionNode = FALSE
	EndGlobalSection
EndGlobal
