
Microsoft Visual Studio Solution File, Format Version 12.00
# Visual Studio 15
VisualStudioVersion = 15.0.28307.902
MinimumVisualStudioVersion = 10.0.40219.1
Project("{9A19103F-16F7-4668-BE54-9A1E7A4F7556}") = "OR-Tools", "OR-Tools\OR-Tools.csproj", "{D5697AF2-56B4-4B79-A98E-40437C29489F}"
EndProject
Project("{9A19103F-16F7-4668-BE54-9A1E7A4F7556}") = "QueueService", "..\Shared\QueueService\QueueService.csproj", "{5CD12F94-4B35-47D2-B459-79441889CC50}"
EndProject
Project("{9A19103F-16F7-4668-BE54-9A1E7A4F7556}") = "Domains", "..\Shared\Domains\Domains.csproj", "{A1AE2183-CAEE-40F4-8ADB-91CF9D997D1A}"
EndProject
Global
	GlobalSection(SolutionConfigurationPlatforms) = preSolution
		Debug|Any CPU = Debug|Any CPU
		Release|Any CPU = Release|Any CPU
	EndGlobalSection
	GlobalSection(ProjectConfigurationPlatforms) = postSolution
		{D5697AF2-56B4-4B79-A98E-40437C29489F}.Debug|Any CPU.ActiveCfg = Debug|Any CPU
		{D5697AF2-56B4-4B79-A98E-40437C29489F}.Debug|Any CPU.Build.0 = Debug|Any CPU
		{D5697AF2-56B4-4B79-A98E-40437C29489F}.Release|Any CPU.ActiveCfg = Release|Any CPU
		{D5697AF2-56B4-4B79-A98E-40437C29489F}.Release|Any CPU.Build.0 = Release|Any CPU
		{5CD12F94-4B35-47D2-B459-79441889CC50}.Debug|Any CPU.ActiveCfg = Debug|Any CPU
		{5CD12F94-4B35-47D2-B459-79441889CC50}.Debug|Any CPU.Build.0 = Debug|Any CPU
		{5CD12F94-4B35-47D2-B459-79441889CC50}.Release|Any CPU.ActiveCfg = Release|Any CPU
		{5CD12F94-4B35-47D2-B459-79441889CC50}.Release|Any CPU.Build.0 = Release|Any CPU
		{A1AE2183-CAEE-40F4-8ADB-91CF9D997D1A}.Debug|Any CPU.ActiveCfg = Debug|Any CPU
		{A1AE2183-CAEE-40F4-8ADB-91CF9D997D1A}.Debug|Any CPU.Build.0 = Debug|Any CPU
		{A1AE2183-CAEE-40F4-8ADB-91CF9D997D1A}.Release|Any CPU.ActiveCfg = Release|Any CPU
		{A1AE2183-CAEE-40F4-8ADB-91CF9D997D1A}.Release|Any CPU.Build.0 = Release|Any CPU
	EndGlobalSection
	GlobalSection(SolutionProperties) = preSolution
		HideSolutionNode = FALSE
	EndGlobalSection
	GlobalSection(ExtensibilityGlobals) = postSolution
		SolutionGuid = {11056806-3559-439D-8687-E42853B87060}
	EndGlobalSection
EndGlobal
