
Microsoft Visual Studio Solution File, Format Version 12.00
# Visual Studio 14
VisualStudioVersion = 14.0.25420.1
MinimumVisualStudioVersion = 10.0.40219.1
Project("{FAE04EC0-301F-11D3-BF4B-00C04F79EFBC}") = "SystemOfLinearEquations", "SystemOfLinearEquations\SystemOfLinearEquations.csproj", "{EF740AB7-FEB5-4A49-A349-001887FE1234}"
EndProject
Project("{FAE04EC0-301F-11D3-BF4B-00C04F79EFBC}") = "TestYourSole", "TestYourSole\TestYourSole.csproj", "{63196381-73B6-40D3-8BE9-B4F97D3ADB0C}"
EndProject
Global
	GlobalSection(SolutionConfigurationPlatforms) = preSolution
		Debug|Any CPU = Debug|Any CPU
		Release|Any CPU = Release|Any CPU
	EndGlobalSection
	GlobalSection(ProjectConfigurationPlatforms) = postSolution
		{EF740AB7-FEB5-4A49-A349-001887FE1234}.Debug|Any CPU.ActiveCfg = Debug|Any CPU
		{EF740AB7-FEB5-4A49-A349-001887FE1234}.Debug|Any CPU.Build.0 = Debug|Any CPU
		{EF740AB7-FEB5-4A49-A349-001887FE1234}.Release|Any CPU.ActiveCfg = Release|Any CPU
		{EF740AB7-FEB5-4A49-A349-001887FE1234}.Release|Any CPU.Build.0 = Release|Any CPU
		{63196381-73B6-40D3-8BE9-B4F97D3ADB0C}.Debug|Any CPU.ActiveCfg = Debug|Any CPU
		{63196381-73B6-40D3-8BE9-B4F97D3ADB0C}.Debug|Any CPU.Build.0 = Debug|Any CPU
		{63196381-73B6-40D3-8BE9-B4F97D3ADB0C}.Release|Any CPU.ActiveCfg = Release|Any CPU
		{63196381-73B6-40D3-8BE9-B4F97D3ADB0C}.Release|Any CPU.Build.0 = Release|Any CPU
	EndGlobalSection
	GlobalSection(SolutionProperties) = preSolution
		HideSolutionNode = FALSE
	EndGlobalSection
EndGlobal
