
Microsoft Visual Studio Solution File, Format Version 12.00
# Visual Studio 15
VisualStudioVersion = 15.0.28307.168
MinimumVisualStudioVersion = 10.0.40219.1
Project("{FAE04EC0-301F-11D3-BF4B-00C04F79EFBC}") = "FunWithData", "FunWithData\FunWithData.csproj", "{75B42079-43E1-4708-AD89-81461FD877E1}"
EndProject
Global
	GlobalSection(SolutionConfigurationPlatforms) = preSolution
		Debug|Any CPU = Debug|Any CPU
		Release|Any CPU = Release|Any CPU
	EndGlobalSection
	GlobalSection(ProjectConfigurationPlatforms) = postSolution
		{75B42079-43E1-4708-AD89-81461FD877E1}.Debug|Any CPU.ActiveCfg = Debug|Any CPU
		{75B42079-43E1-4708-AD89-81461FD877E1}.Debug|Any CPU.Build.0 = Debug|Any CPU
		{75B42079-43E1-4708-AD89-81461FD877E1}.Release|Any CPU.ActiveCfg = Release|Any CPU
		{75B42079-43E1-4708-AD89-81461FD877E1}.Release|Any CPU.Build.0 = Release|Any CPU
	EndGlobalSection
	GlobalSection(SolutionProperties) = preSolution
		HideSolutionNode = FALSE
	EndGlobalSection
	GlobalSection(ExtensibilityGlobals) = postSolution
		SolutionGuid = {DF7C5D54-C871-4ED2-A77B-E2A906DC1FE5}
	EndGlobalSection
EndGlobal
