
Microsoft Visual Studio Solution File, Format Version 12.00
# Visual Studio 15
VisualStudioVersion = 15.0.28307.421
MinimumVisualStudioVersion = 10.0.40219.1
Project("{FAE04EC0-301F-11D3-BF4B-00C04F79EFBC}") = "Library management", "Library management\Library management.csproj", "{BE0590CD-297E-4029-B63B-F6CF79F25560}"
EndProject
Project("{FAE04EC0-301F-11D3-BF4B-00C04F79EFBC}") = "ConsoleTest", "ConsoleTest\ConsoleTest.csproj", "{C67D87A7-B7EC-4444-A688-13F37F2F6BA4}"
EndProject
Project("{FAE04EC0-301F-11D3-BF4B-00C04F79EFBC}") = "DataAccess", "DataAccess\DataAccess.csproj", "{B9C52702-3BDC-44CC-99A2-F9ECFC78AFA5}"
EndProject
Project("{9A19103F-16F7-4668-BE54-9A1E7A4F7556}") = "Core", "Core\Core.csproj", "{FB1B2C58-8F54-4034-BD71-C0DD85CD87D1}"
EndProject
Global
	GlobalSection(SolutionConfigurationPlatforms) = preSolution
		Debug|Any CPU = Debug|Any CPU
		Release|Any CPU = Release|Any CPU
	EndGlobalSection
	GlobalSection(ProjectConfigurationPlatforms) = postSolution
		{BE0590CD-297E-4029-B63B-F6CF79F25560}.Debug|Any CPU.ActiveCfg = Debug|Any CPU
		{BE0590CD-297E-4029-B63B-F6CF79F25560}.Debug|Any CPU.Build.0 = Debug|Any CPU
		{BE0590CD-297E-4029-B63B-F6CF79F25560}.Release|Any CPU.ActiveCfg = Release|Any CPU
		{BE0590CD-297E-4029-B63B-F6CF79F25560}.Release|Any CPU.Build.0 = Release|Any CPU
		{C67D87A7-B7EC-4444-A688-13F37F2F6BA4}.Debug|Any CPU.ActiveCfg = Debug|Any CPU
		{C67D87A7-B7EC-4444-A688-13F37F2F6BA4}.Debug|Any CPU.Build.0 = Debug|Any CPU
		{C67D87A7-B7EC-4444-A688-13F37F2F6BA4}.Release|Any CPU.ActiveCfg = Release|Any CPU
		{C67D87A7-B7EC-4444-A688-13F37F2F6BA4}.Release|Any CPU.Build.0 = Release|Any CPU
		{B9C52702-3BDC-44CC-99A2-F9ECFC78AFA5}.Debug|Any CPU.ActiveCfg = Debug|Any CPU
		{B9C52702-3BDC-44CC-99A2-F9ECFC78AFA5}.Debug|Any CPU.Build.0 = Debug|Any CPU
		{B9C52702-3BDC-44CC-99A2-F9ECFC78AFA5}.Release|Any CPU.ActiveCfg = Release|Any CPU
		{B9C52702-3BDC-44CC-99A2-F9ECFC78AFA5}.Release|Any CPU.Build.0 = Release|Any CPU
		{FB1B2C58-8F54-4034-BD71-C0DD85CD87D1}.Debug|Any CPU.ActiveCfg = Debug|Any CPU
		{FB1B2C58-8F54-4034-BD71-C0DD85CD87D1}.Debug|Any CPU.Build.0 = Debug|Any CPU
		{FB1B2C58-8F54-4034-BD71-C0DD85CD87D1}.Release|Any CPU.ActiveCfg = Release|Any CPU
		{FB1B2C58-8F54-4034-BD71-C0DD85CD87D1}.Release|Any CPU.Build.0 = Release|Any CPU
	EndGlobalSection
	GlobalSection(SolutionProperties) = preSolution
		HideSolutionNode = FALSE
	EndGlobalSection
	GlobalSection(ExtensibilityGlobals) = postSolution
		SolutionGuid = {709AF4C5-A363-469A-97AC-D4D865899A82}
	EndGlobalSection
EndGlobal
